// !$*UTF8*$!
{
	archiveVersion = 1;
	classes = {
	};
	objectVersion = 50;
	objects = {

/* Begin PBXBuildFile section */
		492E3873230E327B006C0B15 /* AppDelegate.swift in Sources */ = {isa = PBXBuildFile; fileRef = 492E3872230E327B006C0B15 /* AppDelegate.swift */; };
		492E3875230E327B006C0B15 /* ViewController.swift in Sources */ = {isa = PBXBuildFile; fileRef = 492E3874230E327B006C0B15 /* ViewController.swift */; };
		492E387B230E327B006C0B15 /* top100Albums.xcdatamodeld in Sources */ = {isa = PBXBuildFile; fileRef = 492E3879230E327B006C0B15 /* top100Albums.xcdatamodeld */; };
		492E387D230E3280006C0B15 /* Assets.xcassets in Resources */ = {isa = PBXBuildFile; fileRef = 492E387C230E3280006C0B15 /* Assets.xcassets */; };
		492E3880230E3280006C0B15 /* LaunchScreen.storyboard in Resources */ = {isa = PBXBuildFile; fileRef = 492E387E230E3280006C0B15 /* LaunchScreen.storyboard */; };
		492E388A230E3E93006C0B15 /* ItemModel.swift in Sources */ = {isa = PBXBuildFile; fileRef = 492E3889230E3E93006C0B15 /* ItemModel.swift */; };
		492E388D230E4AF2006C0B15 /* AlbumTableViewCell.swift in Sources */ = {isa = PBXBuildFile; fileRef = 492E388C230E4AF1006C0B15 /* AlbumTableViewCell.swift */; };
		492E388F230E4D4E006C0B15 /* AddItem.swift in Sources */ = {isa = PBXBuildFile; fileRef = 492E388E230E4D4D006C0B15 /* AddItem.swift */; };
		492E3892230F486E006C0B15 /* DetailItemDescViewController.swift in Sources */ = {isa = PBXBuildFile; fileRef = 492E3891230F486E006C0B15 /* DetailItemDescViewController.swift */; };
/* End PBXBuildFile section */

/* Begin PBXFileReference section */
		492E386F230E327B006C0B15 /* top100Albums.app */ = {isa = PBXFileReference; explicitFileType = wrapper.application; includeInIndex = 0; path = top100Albums.app; sourceTree = BUILT_PRODUCTS_DIR; };
		492E3872230E327B006C0B15 /* AppDelegate.swift */ = {isa = PBXFileReference; lastKnownFileType = sourcecode.swift; path = AppDelegate.swift; sourceTree = "<group>"; };
		492E3874230E327B006C0B15 /* ViewController.swift */ = {isa = PBXFileReference; lastKnownFileType = sourcecode.swift; path = ViewController.swift; sourceTree = "<group>"; };
		492E387A230E327B006C0B15 /* top100Albums.xcdatamodel */ = {isa = PBXFileReference; lastKnownFileType = wrapper.xcdatamodel; path = top100Albums.xcdatamodel; sourceTree = "<group>"; };
		492E387C230E3280006C0B15 /* Assets.xcassets */ = {isa = PBXFileReference; lastKnownFileType = folder.assetcatalog; path = Assets.xcassets; sourceTree = "<group>"; };
		492E387F230E3280006C0B15 /* Base */ = {isa = PBXFileReference; lastKnownFileType = file.storyboard; name = Base; path = Base.lproj/LaunchScreen.storyboard; sourceTree = "<group>"; };
		492E3881230E3280006C0B15 /* Info.plist */ = {isa = PBXFileReference; lastKnownFileType = text.plist.xml; path = Info.plist; sourceTree = "<group>"; };
		492E3889230E3E93006C0B15 /* ItemModel.swift */ = {isa = PBXFileReference; lastKnownFileType = sourcecode.swift; path = ItemModel.swift; sourceTree = "<group>"; };
		492E388C230E4AF1006C0B15 /* AlbumTableViewCell.swift */ = {isa = PBXFileReference; lastKnownFileType = sourcecode.swift; path = AlbumTableViewCell.swift; sourceTree = "<group>"; };
		492E388E230E4D4D006C0B15 /* AddItem.swift */ = {isa = PBXFileReference; lastKnownFileType = sourcecode.swift; path = AddItem.swift; sourceTree = "<group>"; };
		492E3891230F486E006C0B15 /* DetailItemDescViewController.swift */ = {isa = PBXFileReference; lastKnownFileType = sourcecode.swift; path = DetailItemDescViewController.swift; sourceTree = "<group>"; };
/* End PBXFileReference section */

/* Begin PBXFrameworksBuildPhase section */
		492E386C230E327B006C0B15 /* Frameworks */ = {
			isa = PBXFrameworksBuildPhase;
			buildActionMask = 2147483647;
			files = (
			);
			runOnlyForDeploymentPostprocessing = 0;
		};
/* End PBXFrameworksBuildPhase section */

/* Begin PBXGroup section */
		492E3866230E327B006C0B15 = {
			isa = PBXGroup;
			children = (
				492E3871230E327B006C0B15 /* top100Albums */,
				492E3870230E327B006C0B15 /* Products */,
			);
			sourceTree = "<group>";
		};
		492E3870230E327B006C0B15 /* Products */ = {
			isa = PBXGroup;
			children = (
				492E386F230E327B006C0B15 /* top100Albums.app */,
			);
			name = Products;
			sourceTree = "<group>";
		};
		492E3871230E327B006C0B15 /* top100Albums */ = {
			isa = PBXGroup;
			children = (
				492E3872230E327B006C0B15 /* AppDelegate.swift */,
				492E3874230E327B006C0B15 /* ViewController.swift */,
				492E3891230F486E006C0B15 /* DetailItemDescViewController.swift */,
				492E3890230E4D57006C0B15 /* ViewModel */,
				492E388C230E4AF1006C0B15 /* AlbumTableViewCell.swift */,
				492E388B230E3E99006C0B15 /* Model */,
				492E387C230E3280006C0B15 /* Assets.xcassets */,
				492E387E230E3280006C0B15 /* LaunchScreen.storyboard */,
				492E3881230E3280006C0B15 /* Info.plist */,
				492E3879230E327B006C0B15 /* top100Albums.xcdatamodeld */,
			);
			path = top100Albums;
			sourceTree = "<group>";
		};
		492E388B230E3E99006C0B15 /* Model */ = {
			isa = PBXGroup;
			children = (
				492E3889230E3E93006C0B15 /* ItemModel.swift */,
			);
			path = Model;
			sourceTree = "<group>";
		};
		492E3890230E4D57006C0B15 /* ViewModel */ = {
			isa = PBXGroup;
			children = (
				492E388E230E4D4D006C0B15 /* AddItem.swift */,
			);
			path = ViewModel;
			sourceTree = "<group>";
		};
/* End PBXGroup section */

/* Begin PBXNativeTarget section */
		492E386E230E327B006C0B15 /* top100Albums */ = {
			isa = PBXNativeTarget;
			buildConfigurationList = 492E3884230E3280006C0B15 /* Build configuration list for PBXNativeTarget "top100Albums" */;
			buildPhases = (
				492E386B230E327B006C0B15 /* Sources */,
				492E386C230E327B006C0B15 /* Frameworks */,
				492E386D230E327B006C0B15 /* Resources */,
			);
			buildRules = (
			);
			dependencies = (
			);
			name = top100Albums;
			productName = top100Albums;
			productReference = 492E386F230E327B006C0B15 /* top100Albums.app */;
			productType = "com.apple.product-type.application";
		};
/* End PBXNativeTarget section */

/* Begin PBXProject section */
		492E3867230E327B006C0B15 /* Project object */ = {
			isa = PBXProject;
			attributes = {
				LastSwiftUpdateCheck = 1010;
				LastUpgradeCheck = 1010;
				ORGANIZATIONNAME = Tanishk;
				TargetAttributes = {
					492E386E230E327B006C0B15 = {
						CreatedOnToolsVersion = 10.1;
					};
				};
			};
			buildConfigurationList = 492E386A230E327B006C0B15 /* Build configuration list for PBXProject "top100Albums" */;
			compatibilityVersion = "Xcode 9.3";
			developmentRegion = en;
			hasScannedForEncodings = 0;
			knownRegions = (
				en,
				Base,
			);
			mainGroup = 492E3866230E327B006C0B15;
			productRefGroup = 492E3870230E327B006C0B15 /* Products */;
			projectDirPath = "";
			projectRoot = "";
			targets = (
				492E386E230E327B006C0B15 /* top100Albums */,
			);
		};
/* End PBXProject section */

/* Begin PBXResourcesBuildPhase section */
		492E386D230E327B006C0B15 /* Resources */ = {
			isa = PBXResourcesBuildPhase;
			buildActionMask = 2147483647;
			files = (
				492E3880230E3280006C0B15 /* LaunchScreen.storyboard in Resources */,
				492E387D230E3280006C0B15 /* Assets.xcassets in Resources */,
			);
			runOnlyForDeploymentPostprocessing = 0;
		};
/* End PBXResourcesBuildPhase section */

/* Begin PBXSourcesBuildPhase section */
		492E386B230E327B006C0B15 /* Sources */ = {
			isa = PBXSourcesBuildPhase;
			buildActionMask = 2147483647;
			files = (
				492E3892230F486E006C0B15 /* DetailItemDescViewController.swift in Sources */,
				492E388D230E4AF2006C0B15 /* AlbumTableViewCell.swift in Sources */,
				492E3875230E327B006C0B15 /* ViewController.swift in Sources */,
				492E388F230E4D4E006C0B15 /* AddItem.swift in Sources */,
				492E3873230E327B006C0B15 /* AppDelegate.swift in Sources */,
				492E388A230E3E93006C0B15 /* ItemModel.swift in Sources */,
				492E387B230E327B006C0B15 /* top100Albums.xcdatamodeld in Sources */,
			);
			runOnlyForDeploymentPostprocessing = 0;
		};
/* End PBXSourcesBuildPhase section */

/* Begin PBXVariantGroup section */
		492E387E230E3280006C0B15 /* LaunchScreen.storyboard */ = {
			isa = PBXVariantGroup;
			children = (
				492E387F230E3280006C0B15 /* Base */,
			);
			name = LaunchScreen.storyboard;
			sourceTree = "<group>";
		};
/* End PBXVariantGroup section */

/* Begin XCBuildConfiguration section */
		492E3882230E3280006C0B15 /* Debug */ = {
			isa = XCBuildConfiguration;
			buildSettings = {
				ALWAYS_SEARCH_USER_PATHS = NO;
				CLANG_ANALYZER_NONNULL = YES;
				CLANG_ANALYZER_NUMBER_OBJECT_CONVERSION = YES_AGGRESSIVE;
				CLANG_CXX_LANGUAGE_STANDARD = "gnu++14";
				CLANG_CXX_LIBRARY = "libc++";
				CLANG_ENABLE_MODULES = YES;
				CLANG_ENABLE_OBJC_ARC = YES;
				CLANG_ENABLE_OBJC_WEAK = YES;
				CLANG_WARN_BLOCK_CAPTURE_AUTORELEASING = YES;
				CLANG_WARN_BOOL_CONVERSION = YES;
				CLANG_WARN_COMMA = YES;
				CLANG_WARN_CONSTANT_CONVERSION = YES;
				CLANG_WARN_DEPRECATED_OBJC_IMPLEMENTATIONS = YES;
				CLANG_WARN_DIRECT_OBJC_ISA_USAGE = YES_ERROR;
				CLANG_WARN_DOCUMENTATION_COMMENTS = YES;
				CLANG_WARN_EMPTY_BODY = YES;
				CLANG_WARN_ENUM_CONVERSION = YES;
				CLANG_WARN_INFINITE_RECURSION = YES;
				CLANG_WARN_INT_CONVERSION = YES;
				CLANG_WARN_NON_LITERAL_NULL_CONVERSION = YES;
				CLANG_WARN_OBJC_IMPLICIT_RETAIN_SELF = YES;
				CLANG_WARN_OBJC_LITERAL_CONVERSION = YES;
				CLANG_WARN_OBJC_ROOT_CLASS = YES_ERROR;
				CLANG_WARN_RANGE_LOOP_ANALYSIS = YES;
				CLANG_WARN_STRICT_PROTOTYPES = YES;
				CLANG_WARN_SUSPICIOUS_MOVE = YES;
				CLANG_WARN_UNGUARDED_AVAILABILITY = YES_AGGRESSIVE;
				CLANG_WARN_UNREACHABLE_CODE = YES;
				CLANG_WARN__DUPLICATE_METHOD_MATCH = YES;
				CODE_SIGN_IDENTITY = "iPhone Developer";
				COPY_PHASE_STRIP = NO;
				DEBUG_INFORMATION_FORMAT = dwarf;
				ENABLE_STRICT_OBJC_MSGSEND = YES;
				ENABLE_TESTABILITY = YES;
				GCC_C_LANGUAGE_STANDARD = gnu11;
				GCC_DYNAMIC_NO_PIC = NO;
				GCC_NO_COMMON_BLOCKS = YES;
				GCC_OPTIMIZATION_LEVEL = 0;
				GCC_PREPROCESSOR_DEFINITIONS = (
					"DEBUG=1",
					"$(inherited)",
				);
				GCC_WARN_64_TO_32_BIT_CONVERSION = YES;
				GCC_WARN_ABOUT_RETURN_TYPE = YES_ERROR;
				GCC_WARN_UNDECLARED_SELECTOR = YES;
				GCC_WARN_UNINITIALIZED_AUTOS = YES_AGGRESSIVE;
				GCC_WARN_UNUSED_FUNCTION = YES;
				GCC_WARN_UNUSED_VARIABLE = YES;
				IPHONEOS_DEPLOYMENT_TARGET = 12.1;
				MTL_ENABLE_DEBUG_INFO = INCLUDE_SOURCE;
				MTL_FAST_MATH = YES;
				ONLY_ACTIVE_ARCH = YES;
				SDKROOT = iphoneos;
				SWIFT_ACTIVE_COMPILATION_CONDITIONS = DEBUG;
				SWIFT_OPTIMIZATION_LEVEL = "-Onone";
			};
			name = Debug;
		};
		492E3883230E3280006C0B15 /* Release */ = {
			isa = XCBuildConfiguration;
			buildSettings = {
				ALWAYS_SEARCH_USER_PATHS = NO;
				CLANG_ANALYZER_NONNULL = YES;
				CLANG_ANALYZER_NUMBER_OBJECT_CONVERSION = YES_AGGRESSIVE;
				CLANG_CXX_LANGUAGE_STANDARD = "gnu++14";
				CLANG_CXX_LIBRARY = "libc++";
				CLANG_ENABLE_MODULES = YES;
				CLANG_ENABLE_OBJC_ARC = YES;
				CLANG_ENABLE_OBJC_WEAK = YES;
				CLANG_WARN_BLOCK_CAPTURE_AUTORELEASING = YES;
				CLANG_WARN_BOOL_CONVERSION = YES;
				CLANG_WARN_COMMA = YES;
				CLANG_WARN_CONSTANT_CONVERSION = YES;
				CLANG_WARN_DEPRECATED_OBJC_IMPLEMENTATIONS = YES;
				CLANG_WARN_DIRECT_OBJC_ISA_USAGE = YES_ERROR;
				CLANG_WARN_DOCUMENTATION_COMMENTS = YES;
				CLANG_WARN_EMPTY_BODY = YES;
				CLANG_WARN_ENUM_CONVERSION = YES;
				CLANG_WARN_INFINITE_RECURSION = YES;
				CLANG_WARN_INT_CONVERSION = YES;
				CLANG_WARN_NON_LITERAL_NULL_CONVERSION = YES;
				CLANG_WARN_OBJC_IMPLICIT_RETAIN_SELF = YES;
				CLANG_WARN_OBJC_LITERAL_CONVERSION = YES;
				CLANG_WARN_OBJC_ROOT_CLASS = YES_ERROR;
				CLANG_WARN_RANGE_LOOP_ANALYSIS = YES;
				CLANG_WARN_STRICT_PROTOTYPES = YES;
				CLANG_WARN_SUSPICIOUS_MOVE = YES;
				CLANG_WARN_UNGUARDED_AVAILABILITY = YES_AGGRESSIVE;
				CLANG_WARN_UNREACHABLE_CODE = YES;
				CLANG_WARN__DUPLICATE_METHOD_MATCH = YES;
				CODE_SIGN_IDENTITY = "iPhone Developer";
				COPY_PHASE_STRIP = NO;
				DEBUG_INFORMATION_FORMAT = "dwarf-with-dsym";
				ENABLE_NS_ASSERTIONS = NO;
				ENABLE_STRICT_OBJC_MSGSEND = YES;
				GCC_C_LANGUAGE_STANDARD = gnu11;
				GCC_NO_COMMON_BLOCKS = YES;
				GCC_WARN_64_TO_32_BIT_CONVERSION = YES;
				GCC_WARN_ABOUT_RETURN_TYPE = YES_ERROR;
				GCC_WARN_UNDECLARED_SELECTOR = YES;
				GCC_WARN_UNINITIALIZED_AUTOS = YES_AGGRESSIVE;
				GCC_WARN_UNUSED_FUNCTION = YES;
				GCC_WARN_UNUSED_VARIABLE = YES;
				IPHONEOS_DEPLOYMENT_TARGET = 12.1;
				MTL_ENABLE_DEBUG_INFO = NO;
				MTL_FAST_MATH = YES;
				SDKROOT = iphoneos;
				SWIFT_COMPILATION_MODE = wholemodule;
				SWIFT_OPTIMIZATION_LEVEL = "-O";
				VALIDATE_PRODUCT = YES;
			};
			name = Release;
		};
		492E3885230E3280006C0B15 /* Debug */ = {
			isa = XCBuildConfiguration;
			buildSettings = {
				ASSETCATALOG_COMPILER_APPICON_NAME = AppIcon;
				CODE_SIGN_STYLE = Automatic;
				DEVELOPMENT_TEAM = 28J728ALQ5;
				INFOPLIST_FILE = top100Albums/Info.plist;
				LD_RUNPATH_SEARCH_PATHS = (
					"$(inherited)",
					"@executable_path/Frameworks",
				);
				PRODUCT_BUNDLE_IDENTIFIER = com.tanishk.top100Albums;
				PRODUCT_NAME = "$(TARGET_NAME)";
				SWIFT_VERSION = 4.2;
				TARGETED_DEVICE_FAMILY = "1,2";
			};
			name = Debug;
		};
		492E3886230E3280006C0B15 /* Release */ = {
			isa = XCBuildConfiguration;
			buildSettings = {
				ASSETCATALOG_COMPILER_APPICON_NAME = AppIcon;
				CODE_SIGN_STYLE = Automatic;
				DEVELOPMENT_TEAM = 28J728ALQ5;
				INFOPLIST_FILE = top100Albums/Info.plist;
				LD_RUNPATH_SEARCH_PATHS = (
					"$(inherited)",
					"@executable_path/Frameworks",
				);
				PRODUCT_BUNDLE_IDENTIFIER = com.tanishk.top100Albums;
				PRODUCT_NAME = "$(TARGET_NAME)";
				SWIFT_VERSION = 4.2;
				TARGETED_DEVICE_FAMILY = "1,2";
			};
			name = Release;
		};
/* End XCBuildConfiguration section */

/* Begin XCConfigurationList section */
		492E386A230E327B006C0B15 /* Build configuration list for PBXProject "top100Albums" */ = {
			isa = XCConfigurationList;
			buildConfigurations = (
				492E3882230E3280006C0B15 /* Debug */,
				492E3883230E3280006C0B15 /* Release */,
			);
			defaultConfigurationIsVisible = 0;
			defaultConfigurationName = Release;
		};
		492E3884230E3280006C0B15 /* Build configuration list for PBXNativeTarget "top100Albums" */ = {
			isa = XCConfigurationList;
			buildConfigurations = (
				492E3885230E3280006C0B15 /* Debug */,
				492E3886230E3280006C0B15 /* Release */,
			);
			defaultConfigurationIsVisible = 0;
			defaultConfigurationName = Release;
		};
/* End XCConfigurationList section */

/* Begin XCVersionGroup section */
		492E3879230E327B006C0B15 /* top100Albums.xcdatamodeld */ = {
			isa = XCVersionGroup;
			children = (
				492E387A230E327B006C0B15 /* top100Albums.xcdatamodel */,
			);
			currentVersion = 492E387A230E327B006C0B15 /* top100Albums.xcdatamodel */;
			path = top100Albums.xcdatamodeld;
			sourceTree = "<group>";
			versionGroupType = wrapper.xcdatamodel;
		};
/* End XCVersionGroup section */
	};
	rootObject = 492E3867230E327B006C0B15 /* Project object */;
}
